{
  "nodes": {
    "crane": {
      "locked": {
        "lastModified": 1725409566,
        "narHash": "sha256-PrtLmqhM6UtJP7v7IGyzjBFhbG4eOAHT6LPYOFmYfbk=",
        "owner": "ipetkov",
        "repo": "crane",
        "rev": "7e4586bad4e3f8f97a9271def747cf58c4b68f3c",
        "type": "github"
      },
      "original": {
        "owner": "ipetkov",
        "repo": "crane",
        "type": "github"
      }
    },
    "nixpkgs": {
      "locked": {
        "lastModified": 1725930920,
        "narHash": "sha256-RVhD9hnlTT2nJzPHlAqrWqCkA7T6CYrP41IoVRkciZM=",
        "owner": "NixOS",
        "repo": "nixpkgs",
        "rev": "44a71ff39c182edaf25a7ace5c9454e7cba2c658",
        "type": "github"
      },
      "original": {
        "owner": "NixOS",
        "ref": "nixos-24.05",
        "repo": "nixpkgs",
        "type": "github"
      }
    },
    "root": {
      "inputs": {
        "crane": "crane",
        "nixpkgs": "nixpkgs"
      }
    }
  },
  "root": "root",
  "version": 7
}
