{
  "nodes": {
    "crane": {
      "locked": {
        "lastModified": 1737563566,
        "narHash": "sha256-GLJvkOG29XCynQm8XWPyykMRqIhxKcBARVu7Ydrz02M=",
        "owner": "ipetkov",
        "repo": "crane",
        "rev": "849376434956794ebc7a6b487d31aace395392ba",
        "type": "github"
      },
      "original": {
        "owner": "ipetkov",
        "repo": "crane",
        "type": "github"
      }
    },
    "nixpkgs": {
      "locked": {
        "lastModified": 1737404927,
        "narHash": "sha256-e1WgPJpIYbOuokjgylcsuoEUCB4Jl2rQXa2LUD6XAG8=",
        "owner": "NixOS",
        "repo": "nixpkgs",
        "rev": "ae584d90cbd0396a422289ee3efb1f1c9d141dc3",
        "type": "github"
      },
      "original": {
        "owner": "NixOS",
        "ref": "nixos-24.11",
        "repo": "nixpkgs",
        "type": "github"
      }
    },
    "root": {
      "inputs": {
        "crane": "crane",
        "nixpkgs": "nixpkgs"
      }
    }
  },
  "root": "root",
  "version": 7
}
